
Microsoft Visual Studio Solution File, Format Version 12.00
# Visual Studio Version 17
VisualStudioVersion = 17.8.34330.188
MinimumVisualStudioVersion = 10.0.40219.1
Project("{FAE04EC0-301F-11D3-BF4B-00C04F79EFBC}") = "TodoListApp.UI", "TodoListApp.UI\TodoListApp.UI.csproj", "{22992E21-5430-409B-99AB-A3F0D8D6188B}"
EndProject
Project("{FAE04EC0-301F-11D3-BF4B-00C04F79EFBC}") = "TodoListApp.DataAccess", "TodoListApp.DataAccess\TodoListApp.DataAccess.csproj", "{4E7059C5-66A4-4A06-A5AA-2971CBF97E84}"
EndProject
Project("{FAE04EC0-301F-11D3-BF4B-00C04F79EFBC}") = "TodoListApp.Bussiness", "TodoListApp.Bussines\TodoListApp.Bussiness.csproj", "{87A7774D-8391-4B95-8AED-23615D35F3A0}"
EndProject
Global
	GlobalSection(SolutionConfigurationPlatforms) = preSolution
		Debug|Any CPU = Debug|Any CPU
		Release|Any CPU = Release|Any CPU
	EndGlobalSection
	GlobalSection(ProjectConfigurationPlatforms) = postSolution
		{22992E21-5430-409B-99AB-A3F0D8D6188B}.Debug|Any CPU.ActiveCfg = Debug|Any CPU
		{22992E21-5430-409B-99AB-A3F0D8D6188B}.Debug|Any CPU.Build.0 = Debug|Any CPU
		{22992E21-5430-409B-99AB-A3F0D8D6188B}.Release|Any CPU.ActiveCfg = Release|Any CPU
		{22992E21-5430-409B-99AB-A3F0D8D6188B}.Release|Any CPU.Build.0 = Release|Any CPU
		{4E7059C5-66A4-4A06-A5AA-2971CBF97E84}.Debug|Any CPU.ActiveCfg = Debug|Any CPU
		{4E7059C5-66A4-4A06-A5AA-2971CBF97E84}.Debug|Any CPU.Build.0 = Debug|Any CPU
		{4E7059C5-66A4-4A06-A5AA-2971CBF97E84}.Release|Any CPU.ActiveCfg = Release|Any CPU
		{4E7059C5-66A4-4A06-A5AA-2971CBF97E84}.Release|Any CPU.Build.0 = Release|Any CPU
		{87A7774D-8391-4B95-8AED-23615D35F3A0}.Debug|Any CPU.ActiveCfg = Debug|Any CPU
		{87A7774D-8391-4B95-8AED-23615D35F3A0}.Debug|Any CPU.Build.0 = Debug|Any CPU
		{87A7774D-8391-4B95-8AED-23615D35F3A0}.Release|Any CPU.ActiveCfg = Release|Any CPU
		{87A7774D-8391-4B95-8AED-23615D35F3A0}.Release|Any CPU.Build.0 = Release|Any CPU
	EndGlobalSection
	GlobalSection(SolutionProperties) = preSolution
		HideSolutionNode = FALSE
	EndGlobalSection
	GlobalSection(ExtensibilityGlobals) = postSolution
		SolutionGuid = {8A299516-0715-4274-9D14-B71D6120A5E3}
	EndGlobalSection
EndGlobal
